// !$*UTF8*$!
{
	archiveVersion = 1;
	classes = {
	};
	objectVersion = 55;
	objects = {

/* Begin PBXBuildFile section */
		9F0B80E02886F5BE00E98849 /* ProfsoftApp.swift in Sources */ = {isa = PBXBuildFile; fileRef = 9F0B80DF2886F5BE00E98849 /* ProfsoftApp.swift */; };
		9F0B80E22886F5BE00E98849 /* ContentView.swift in Sources */ = {isa = PBXBuildFile; fileRef = 9F0B80E12886F5BE00E98849 /* ContentView.swift */; };
		9F0B80E42886F5C000E98849 /* Assets.xcassets in Resources */ = {isa = PBXBuildFile; fileRef = 9F0B80E32886F5C000E98849 /* Assets.xcassets */; };
		9F0B80E72886F5C000E98849 /* Preview Assets.xcassets in Resources */ = {isa = PBXBuildFile; fileRef = 9F0B80E62886F5C000E98849 /* Preview Assets.xcassets */; };
		9F1CC65B28977F4000863C29 /* Settings.swift in Sources */ = {isa = PBXBuildFile; fileRef = 9F1CC65A28977F4000863C29 /* Settings.swift */; };
		9F1CC65F2897AE3600863C29 /* SettingCellView.swift in Sources */ = {isa = PBXBuildFile; fileRef = 9F1CC65E2897AE3600863C29 /* SettingCellView.swift */; };
		9F1CC6612897AE5000863C29 /* SettingsListView.swift in Sources */ = {isa = PBXBuildFile; fileRef = 9F1CC6602897AE5000863C29 /* SettingsListView.swift */; };
		9F1CC6632897AE7300863C29 /* SettingsListViewModel.swift in Sources */ = {isa = PBXBuildFile; fileRef = 9F1CC6622897AE7300863C29 /* SettingsListViewModel.swift */; };
		9F1CC6652897B91F00863C29 /* PersonalAreaCellView.swift in Sources */ = {isa = PBXBuildFile; fileRef = 9F1CC6642897B91F00863C29 /* PersonalAreaCellView.swift */; };
		9F2C0C0A288995C6000E4706 /* Frame.swift in Sources */ = {isa = PBXBuildFile; fileRef = 9F2C0C09288995C6000E4706 /* Frame.swift */; };
		9F2C0C0D28899944000E4706 /* Container.swift in Sources */ = {isa = PBXBuildFile; fileRef = 9F2C0C0C28899944000E4706 /* Container.swift */; };
		9F2C0C0F2889A02A000E4706 /* Launch Screen.storyboard in Resources */ = {isa = PBXBuildFile; fileRef = 9F2C0C0E2889A02A000E4706 /* Launch Screen.storyboard */; };
		9F2C0C182889A44E000E4706 /* AuthorizationView.swift in Sources */ = {isa = PBXBuildFile; fileRef = 9F2C0C172889A44E000E4706 /* AuthorizationView.swift */; };
		9F2C0C1A2889A463000E4706 /* AuthorizationViewModel.swift in Sources */ = {isa = PBXBuildFile; fileRef = 9F2C0C192889A463000E4706 /* AuthorizationViewModel.swift */; };
		9F2C0C1F2889A58E000E4706 /* AppButton.swift in Sources */ = {isa = PBXBuildFile; fileRef = 9F2C0C1E2889A58E000E4706 /* AppButton.swift */; };
		9F2C0C222889A5B3000E4706 /* AppButtonFile.swift in Sources */ = {isa = PBXBuildFile; fileRef = 9F2C0C212889A5B3000E4706 /* AppButtonFile.swift */; };
		9F44FBA528902EF500476003 /* AppTextField.swift in Sources */ = {isa = PBXBuildFile; fileRef = 9F44FBA428902EF500476003 /* AppTextField.swift */; };
		9F48AB652892D0C300AD4CC4 /* UsersListView.swift in Sources */ = {isa = PBXBuildFile; fileRef = 9F48AB642892D0C300AD4CC4 /* UsersListView.swift */; };
		9F48AB672892D0D800AD4CC4 /* UsersListViewModel.swift in Sources */ = {isa = PBXBuildFile; fileRef = 9F48AB662892D0D800AD4CC4 /* UsersListViewModel.swift */; };
		9F48AB6A2892D10300AD4CC4 /* User.swift in Sources */ = {isa = PBXBuildFile; fileRef = 9F48AB692892D10300AD4CC4 /* User.swift */; };
		9F48AB6D2892D5D900AD4CC4 /* UserCellView.swift in Sources */ = {isa = PBXBuildFile; fileRef = 9F48AB6C2892D5D900AD4CC4 /* UserCellView.swift */; };
		9F48AB702892DD5000AD4CC4 /* ServerUser.swift in Sources */ = {isa = PBXBuildFile; fileRef = 9F48AB6F2892DD5000AD4CC4 /* ServerUser.swift */; };
		9F48AB732892DEB600AD4CC4 /* BaseModelMapper.swift in Sources */ = {isa = PBXBuildFile; fileRef = 9F48AB722892DEB600AD4CC4 /* BaseModelMapper.swift */; };
		9F48AB752892DFA500AD4CC4 /* UserModelMapper.swift in Sources */ = {isa = PBXBuildFile; fileRef = 9F48AB742892DFA500AD4CC4 /* UserModelMapper.swift */; };
		9FCDB9E4288C86C70087E397 /* AppleButton.swift in Sources */ = {isa = PBXBuildFile; fileRef = 9FCDB9E3288C86C70087E397 /* AppleButton.swift */; };
		9FF46BA52898298800EA072C /* SearchTextField.swift in Sources */ = {isa = PBXBuildFile; fileRef = 9FF46BA42898298800EA072C /* SearchTextField.swift */; };
		9FF46BA72898324E00EA072C /* CellButton.swift in Sources */ = {isa = PBXBuildFile; fileRef = 9FF46BA62898324E00EA072C /* CellButton.swift */; };
/* End PBXBuildFile section */

/* Begin PBXFileReference section */
		9F0B80DC2886F5BE00E98849 /* Profsoft.app */ = {isa = PBXFileReference; explicitFileType = wrapper.application; includeInIndex = 0; path = Profsoft.app; sourceTree = BUILT_PRODUCTS_DIR; };
		9F0B80DF2886F5BE00E98849 /* ProfsoftApp.swift */ = {isa = PBXFileReference; lastKnownFileType = sourcecode.swift; path = ProfsoftApp.swift; sourceTree = "<group>"; };
		9F0B80E12886F5BE00E98849 /* ContentView.swift */ = {isa = PBXFileReference; lastKnownFileType = sourcecode.swift; path = ContentView.swift; sourceTree = "<group>"; };
		9F0B80E32886F5C000E98849 /* Assets.xcassets */ = {isa = PBXFileReference; lastKnownFileType = folder.assetcatalog; path = Assets.xcassets; sourceTree = "<group>"; };
		9F0B80E62886F5C000E98849 /* Preview Assets.xcassets */ = {isa = PBXFileReference; lastKnownFileType = folder.assetcatalog; path = "Preview Assets.xcassets"; sourceTree = "<group>"; };
		9F1CC65A28977F4000863C29 /* Settings.swift */ = {isa = PBXFileReference; lastKnownFileType = sourcecode.swift; path = Settings.swift; sourceTree = "<group>"; };
		9F1CC65E2897AE3600863C29 /* SettingCellView.swift */ = {isa = PBXFileReference; lastKnownFileType = sourcecode.swift; path = SettingCellView.swift; sourceTree = "<group>"; };
		9F1CC6602897AE5000863C29 /* SettingsListView.swift */ = {isa = PBXFileReference; lastKnownFileType = sourcecode.swift; path = SettingsListView.swift; sourceTree = "<group>"; };
		9F1CC6622897AE7300863C29 /* SettingsListViewModel.swift */ = {isa = PBXFileReference; lastKnownFileType = sourcecode.swift; path = SettingsListViewModel.swift; sourceTree = "<group>"; };
		9F1CC6642897B91F00863C29 /* PersonalAreaCellView.swift */ = {isa = PBXFileReference; lastKnownFileType = sourcecode.swift; path = PersonalAreaCellView.swift; sourceTree = "<group>"; };
		9F2C0C09288995C6000E4706 /* Frame.swift */ = {isa = PBXFileReference; lastKnownFileType = sourcecode.swift; path = Frame.swift; sourceTree = "<group>"; };
		9F2C0C0C28899944000E4706 /* Container.swift */ = {isa = PBXFileReference; lastKnownFileType = sourcecode.swift; path = Container.swift; sourceTree = "<group>"; };
		9F2C0C0E2889A02A000E4706 /* Launch Screen.storyboard */ = {isa = PBXFileReference; lastKnownFileType = file.storyboard; path = "Launch Screen.storyboard"; sourceTree = "<group>"; };
		9F2C0C172889A44E000E4706 /* AuthorizationView.swift */ = {isa = PBXFileReference; lastKnownFileType = sourcecode.swift; path = AuthorizationView.swift; sourceTree = "<group>"; };
		9F2C0C192889A463000E4706 /* AuthorizationViewModel.swift */ = {isa = PBXFileReference; lastKnownFileType = sourcecode.swift; path = AuthorizationViewModel.swift; sourceTree = "<group>"; };
		9F2C0C1E2889A58E000E4706 /* AppButton.swift */ = {isa = PBXFileReference; lastKnownFileType = sourcecode.swift; path = AppButton.swift; sourceTree = "<group>"; };
		9F2C0C212889A5B3000E4706 /* AppButtonFile.swift */ = {isa = PBXFileReference; lastKnownFileType = sourcecode.swift; path = AppButtonFile.swift; sourceTree = "<group>"; };
		9F44FBA428902EF500476003 /* AppTextField.swift */ = {isa = PBXFileReference; lastKnownFileType = sourcecode.swift; path = AppTextField.swift; sourceTree = "<group>"; };
		9F48AB642892D0C300AD4CC4 /* UsersListView.swift */ = {isa = PBXFileReference; lastKnownFileType = sourcecode.swift; path = UsersListView.swift; sourceTree = "<group>"; };
		9F48AB662892D0D800AD4CC4 /* UsersListViewModel.swift */ = {isa = PBXFileReference; lastKnownFileType = sourcecode.swift; path = UsersListViewModel.swift; sourceTree = "<group>"; };
		9F48AB692892D10300AD4CC4 /* User.swift */ = {isa = PBXFileReference; lastKnownFileType = sourcecode.swift; path = User.swift; sourceTree = "<group>"; };
		9F48AB6C2892D5D900AD4CC4 /* UserCellView.swift */ = {isa = PBXFileReference; lastKnownFileType = sourcecode.swift; path = UserCellView.swift; sourceTree = "<group>"; };
		9F48AB6F2892DD5000AD4CC4 /* ServerUser.swift */ = {isa = PBXFileReference; lastKnownFileType = sourcecode.swift; path = ServerUser.swift; sourceTree = "<group>"; };
		9F48AB722892DEB600AD4CC4 /* BaseModelMapper.swift */ = {isa = PBXFileReference; lastKnownFileType = sourcecode.swift; path = BaseModelMapper.swift; sourceTree = "<group>"; };
		9F48AB742892DFA500AD4CC4 /* UserModelMapper.swift */ = {isa = PBXFileReference; lastKnownFileType = sourcecode.swift; path = UserModelMapper.swift; sourceTree = "<group>"; };
		9FCDB9E3288C86C70087E397 /* AppleButton.swift */ = {isa = PBXFileReference; lastKnownFileType = sourcecode.swift; path = AppleButton.swift; sourceTree = "<group>"; };
		9FF46BA42898298800EA072C /* SearchTextField.swift */ = {isa = PBXFileReference; lastKnownFileType = sourcecode.swift; path = SearchTextField.swift; sourceTree = "<group>"; };
		9FF46BA62898324E00EA072C /* CellButton.swift */ = {isa = PBXFileReference; lastKnownFileType = sourcecode.swift; path = CellButton.swift; sourceTree = "<group>"; };
/* End PBXFileReference section */

/* Begin PBXFrameworksBuildPhase section */
		9F0B80D92886F5BE00E98849 /* Frameworks */ = {
			isa = PBXFrameworksBuildPhase;
			buildActionMask = 2147483647;
			files = (
			);
			runOnlyForDeploymentPostprocessing = 0;
		};
/* End PBXFrameworksBuildPhase section */

/* Begin PBXGroup section */
		9F0B80D32886F5BE00E98849 = {
			isa = PBXGroup;
			children = (
				9F0B80DE2886F5BE00E98849 /* Profsoft */,
				9F0B80DD2886F5BE00E98849 /* Products */,
			);
			sourceTree = "<group>";
		};
		9F0B80DD2886F5BE00E98849 /* Products */ = {
			isa = PBXGroup;
			children = (
				9F0B80DC2886F5BE00E98849 /* Profsoft.app */,
			);
			name = Products;
			sourceTree = "<group>";
		};
		9F0B80DE2886F5BE00E98849 /* Profsoft */ = {
			isa = PBXGroup;
			children = (
				9F2C0C102889A322000E4706 /* App */,
				9F2C0C112889A333000E4706 /* Resources */,
				9F2C0C132889A361000E4706 /* Models */,
				9F2C0C142889A379000E4706 /* Helpers */,
				9F2C0C122889A358000E4706 /* Modules */,
				9F2C0C0B28899936000E4706 /* Content */,
				9F2C0C08288995A8000E4706 /* Modificators */,
				9F2C0C1B2889A565000E4706 /* Components */,
				9F0B80E12886F5BE00E98849 /* ContentView.swift */,
				9F0B80E52886F5C000E98849 /* Preview Content */,
			);
			path = Profsoft;
			sourceTree = "<group>";
		};
		9F0B80E52886F5C000E98849 /* Preview Content */ = {
			isa = PBXGroup;
			children = (
				9F0B80E62886F5C000E98849 /* Preview Assets.xcassets */,
			);
			path = "Preview Content";
			sourceTree = "<group>";
		};
		9F1CC65C2897AE0F00863C29 /* SettingsScreen */ = {
			isa = PBXGroup;
			children = (
				9F1CC65D2897AE2000863C29 /* Components */,
				9F1CC6602897AE5000863C29 /* SettingsListView.swift */,
				9F1CC6622897AE7300863C29 /* SettingsListViewModel.swift */,
			);
			path = SettingsScreen;
			sourceTree = "<group>";
		};
		9F1CC65D2897AE2000863C29 /* Components */ = {
			isa = PBXGroup;
			children = (
				9F1CC65E2897AE3600863C29 /* SettingCellView.swift */,
				9F1CC6642897B91F00863C29 /* PersonalAreaCellView.swift */,
			);
			path = Components;
			sourceTree = "<group>";
		};
		9F2C0C08288995A8000E4706 /* Modificators */ = {
			isa = PBXGroup;
			children = (
				9F2C0C09288995C6000E4706 /* Frame.swift */,
			);
			path = Modificators;
			sourceTree = "<group>";
		};
		9F2C0C0B28899936000E4706 /* Content */ = {
			isa = PBXGroup;
			children = (
				9F2C0C0C28899944000E4706 /* Container.swift */,
			);
			path = Content;
			sourceTree = "<group>";
		};
		9F2C0C102889A322000E4706 /* App */ = {
			isa = PBXGroup;
			children = (
				9F0B80DF2886F5BE00E98849 /* ProfsoftApp.swift */,
			);
			path = App;
			sourceTree = "<group>";
		};
		9F2C0C112889A333000E4706 /* Resources */ = {
			isa = PBXGroup;
			children = (
				9F2C0C0E2889A02A000E4706 /* Launch Screen.storyboard */,
				9F0B80E32886F5C000E98849 /* Assets.xcassets */,
			);
			path = Resources;
			sourceTree = "<group>";
		};
		9F2C0C122889A358000E4706 /* Modules */ = {
			isa = PBXGroup;
			children = (
				9F1CC65C2897AE0F00863C29 /* SettingsScreen */,
				9F48AB632892D09B00AD4CC4 /* UsersListScreen */,
				9F2C0C162889A42D000E4706 /* AuthorizationScreen */,
			);
			path = Modules;
			sourceTree = "<group>";
		};
		9F2C0C132889A361000E4706 /* Models */ = {
			isa = PBXGroup;
			children = (
				9F48AB712892DE9D00AD4CC4 /* Mappers */,
				9F48AB6E2892DD4000AD4CC4 /* ServerModels */,
				9F48AB682892D0E800AD4CC4 /* LocalModels */,
			);
			path = Models;
			sourceTree = "<group>";
		};
		9F2C0C142889A379000E4706 /* Helpers */ = {
			isa = PBXGroup;
			children = (
				9F2C0C152889A388000E4706 /* Extensions */,
			);
			path = Helpers;
			sourceTree = "<group>";
		};
		9F2C0C152889A388000E4706 /* Extensions */ = {
			isa = PBXGroup;
			children = (
			);
			path = Extensions;
			sourceTree = "<group>";
		};
		9F2C0C162889A42D000E4706 /* AuthorizationScreen */ = {
			isa = PBXGroup;
			children = (
				9F2C0C172889A44E000E4706 /* AuthorizationView.swift */,
				9F2C0C192889A463000E4706 /* AuthorizationViewModel.swift */,
			);
			path = AuthorizationScreen;
			sourceTree = "<group>";
		};
		9F2C0C1B2889A565000E4706 /* Components */ = {
			isa = PBXGroup;
			children = (
				9F44FBA328902ECB00476003 /* TextField */,
				9F2C0C1C2889A571000E4706 /* Buttons */,
			);
			path = Components;
			sourceTree = "<group>";
		};
		9F2C0C1C2889A571000E4706 /* Buttons */ = {
			isa = PBXGroup;
			children = (
				9F2C0C1D2889A57E000E4706 /* AppButton */,
			);
			path = Buttons;
			sourceTree = "<group>";
		};
		9F2C0C1D2889A57E000E4706 /* AppButton */ = {
			isa = PBXGroup;
			children = (
				9F2C0C1E2889A58E000E4706 /* AppButton.swift */,
				9F2C0C212889A5B3000E4706 /* AppButtonFile.swift */,
				9FCDB9E3288C86C70087E397 /* AppleButton.swift */,
				9FF46BA62898324E00EA072C /* CellButton.swift */,
			);
			path = AppButton;
			sourceTree = "<group>";
		};
		9F44FBA328902ECB00476003 /* TextField */ = {
			isa = PBXGroup;
			children = (
				9F44FBA428902EF500476003 /* AppTextField.swift */,
				9FF46BA42898298800EA072C /* SearchTextField.swift */,
			);
			path = TextField;
			sourceTree = "<group>";
		};
		9F48AB632892D09B00AD4CC4 /* UsersListScreen */ = {
			isa = PBXGroup;
			children = (
				9F48AB6B2892D5C900AD4CC4 /* Components */,
				9F48AB642892D0C300AD4CC4 /* UsersListView.swift */,
				9F48AB662892D0D800AD4CC4 /* UsersListViewModel.swift */,
			);
			path = UsersListScreen;
			sourceTree = "<group>";
		};
		9F48AB682892D0E800AD4CC4 /* LocalModels */ = {
			isa = PBXGroup;
			children = (
				9F48AB692892D10300AD4CC4 /* User.swift */,
				9F1CC65A28977F4000863C29 /* Settings.swift */,
			);
			path = LocalModels;
			sourceTree = "<group>";
		};
		9F48AB6B2892D5C900AD4CC4 /* Components */ = {
			isa = PBXGroup;
			children = (
				9F48AB6C2892D5D900AD4CC4 /* UserCellView.swift */,
			);
			path = Components;
			sourceTree = "<group>";
		};
		9F48AB6E2892DD4000AD4CC4 /* ServerModels */ = {
			isa = PBXGroup;
			children = (
				9F48AB6F2892DD5000AD4CC4 /* ServerUser.swift */,
			);
			path = ServerModels;
			sourceTree = "<group>";
		};
		9F48AB712892DE9D00AD4CC4 /* Mappers */ = {
			isa = PBXGroup;
			children = (
				9F48AB722892DEB600AD4CC4 /* BaseModelMapper.swift */,
				9F48AB742892DFA500AD4CC4 /* UserModelMapper.swift */,
			);
			path = Mappers;
			sourceTree = "<group>";
		};
/* End PBXGroup section */

/* Begin PBXNativeTarget section */
		9F0B80DB2886F5BE00E98849 /* Profsoft */ = {
			isa = PBXNativeTarget;
			buildConfigurationList = 9F0B80EA2886F5C000E98849 /* Build configuration list for PBXNativeTarget "Profsoft" */;
			buildPhases = (
				9F0B80D82886F5BE00E98849 /* Sources */,
				9F0B80D92886F5BE00E98849 /* Frameworks */,
				9F0B80DA2886F5BE00E98849 /* Resources */,
			);
			buildRules = (
			);
			dependencies = (
			);
			name = Profsoft;
			productName = Profsoft;
			productReference = 9F0B80DC2886F5BE00E98849 /* Profsoft.app */;
			productType = "com.apple.product-type.application";
		};
/* End PBXNativeTarget section */

/* Begin PBXProject section */
		9F0B80D42886F5BE00E98849 /* Project object */ = {
			isa = PBXProject;
			attributes = {
				BuildIndependentTargetsInParallel = 1;
				LastSwiftUpdateCheck = 1340;
				LastUpgradeCheck = 1340;
				TargetAttributes = {
					9F0B80DB2886F5BE00E98849 = {
						CreatedOnToolsVersion = 13.4.1;
					};
				};
			};
			buildConfigurationList = 9F0B80D72886F5BE00E98849 /* Build configuration list for PBXProject "Profsoft" */;
			compatibilityVersion = "Xcode 13.0";
			developmentRegion = en;
			hasScannedForEncodings = 0;
			knownRegions = (
				en,
				Base,
			);
			mainGroup = 9F0B80D32886F5BE00E98849;
			productRefGroup = 9F0B80DD2886F5BE00E98849 /* Products */;
			projectDirPath = "";
			projectRoot = "";
			targets = (
				9F0B80DB2886F5BE00E98849 /* Profsoft */,
			);
		};
/* End PBXProject section */

/* Begin PBXResourcesBuildPhase section */
		9F0B80DA2886F5BE00E98849 /* Resources */ = {
			isa = PBXResourcesBuildPhase;
			buildActionMask = 2147483647;
			files = (
				9F2C0C0F2889A02A000E4706 /* Launch Screen.storyboard in Resources */,
				9F0B80E72886F5C000E98849 /* Preview Assets.xcassets in Resources */,
				9F0B80E42886F5C000E98849 /* Assets.xcassets in Resources */,
			);
			runOnlyForDeploymentPostprocessing = 0;
		};
/* End PBXResourcesBuildPhase section */

/* Begin PBXSourcesBuildPhase section */
		9F0B80D82886F5BE00E98849 /* Sources */ = {
			isa = PBXSourcesBuildPhase;
			buildActionMask = 2147483647;
			files = (
				9F48AB6A2892D10300AD4CC4 /* User.swift in Sources */,
				9F1CC6632897AE7300863C29 /* SettingsListViewModel.swift in Sources */,
				9F1CC6612897AE5000863C29 /* SettingsListView.swift in Sources */,
				9F48AB732892DEB600AD4CC4 /* BaseModelMapper.swift in Sources */,
				9F48AB652892D0C300AD4CC4 /* UsersListView.swift in Sources */,
				9F48AB672892D0D800AD4CC4 /* UsersListViewModel.swift in Sources */,
				9F48AB6D2892D5D900AD4CC4 /* UserCellView.swift in Sources */,
				9F2C0C1A2889A463000E4706 /* AuthorizationViewModel.swift in Sources */,
				9F1CC65B28977F4000863C29 /* Settings.swift in Sources */,
				9FF46BA52898298800EA072C /* SearchTextField.swift in Sources */,
				9F2C0C0A288995C6000E4706 /* Frame.swift in Sources */,
				9F48AB702892DD5000AD4CC4 /* ServerUser.swift in Sources */,
				9F2C0C0D28899944000E4706 /* Container.swift in Sources */,
				9F1CC65F2897AE3600863C29 /* SettingCellView.swift in Sources */,
				9F1CC6652897B91F00863C29 /* PersonalAreaCellView.swift in Sources */,
				9FF46BA72898324E00EA072C /* CellButton.swift in Sources */,
				9FCDB9E4288C86C70087E397 /* AppleButton.swift in Sources */,
				9F2C0C222889A5B3000E4706 /* AppButtonFile.swift in Sources */,
				9F0B80E22886F5BE00E98849 /* ContentView.swift in Sources */,
				9F48AB752892DFA500AD4CC4 /* UserModelMapper.swift in Sources */,
				9F2C0C182889A44E000E4706 /* AuthorizationView.swift in Sources */,
				9F2C0C1F2889A58E000E4706 /* AppButton.swift in Sources */,
				9F0B80E02886F5BE00E98849 /* ProfsoftApp.swift in Sources */,
				9F44FBA528902EF500476003 /* AppTextField.swift in Sources */,
			);
			runOnlyForDeploymentPostprocessing = 0;
		};
/* End PBXSourcesBuildPhase section */

/* Begin XCBuildConfiguration section */
		9F0B80E82886F5C000E98849 /* Debug */ = {
			isa = XCBuildConfiguration;
			buildSettings = {
				ALWAYS_SEARCH_USER_PATHS = NO;
				CLANG_ANALYZER_NONNULL = YES;
				CLANG_ANALYZER_NUMBER_OBJECT_CONVERSION = YES_AGGRESSIVE;
				CLANG_CXX_LANGUAGE_STANDARD = "gnu++17";
				CLANG_ENABLE_MODULES = YES;
				CLANG_ENABLE_OBJC_ARC = YES;
				CLANG_ENABLE_OBJC_WEAK = YES;
				CLANG_WARN_BLOCK_CAPTURE_AUTORELEASING = YES;
				CLANG_WARN_BOOL_CONVERSION = YES;
				CLANG_WARN_COMMA = YES;
				CLANG_WARN_CONSTANT_CONVERSION = YES;
				CLANG_WARN_DEPRECATED_OBJC_IMPLEMENTATIONS = YES;
				CLANG_WARN_DIRECT_OBJC_ISA_USAGE = YES_ERROR;
				CLANG_WARN_DOCUMENTATION_COMMENTS = YES;
				CLANG_WARN_EMPTY_BODY = YES;
				CLANG_WARN_ENUM_CONVERSION = YES;
				CLANG_WARN_INFINITE_RECURSION = YES;
				CLANG_WARN_INT_CONVERSION = YES;
				CLANG_WARN_NON_LITERAL_NULL_CONVERSION = YES;
				CLANG_WARN_OBJC_IMPLICIT_RETAIN_SELF = YES;
				CLANG_WARN_OBJC_LITERAL_CONVERSION = YES;
				CLANG_WARN_OBJC_ROOT_CLASS = YES_ERROR;
				CLANG_WARN_QUOTED_INCLUDE_IN_FRAMEWORK_HEADER = YES;
				CLANG_WARN_RANGE_LOOP_ANALYSIS = YES;
				CLANG_WARN_STRICT_PROTOTYPES = YES;
				CLANG_WARN_SUSPICIOUS_MOVE = YES;
				CLANG_WARN_UNGUARDED_AVAILABILITY = YES_AGGRESSIVE;
				CLANG_WARN_UNREACHABLE_CODE = YES;
				CLANG_WARN__DUPLICATE_METHOD_MATCH = YES;
				COPY_PHASE_STRIP = NO;
				DEBUG_INFORMATION_FORMAT = dwarf;
				ENABLE_STRICT_OBJC_MSGSEND = YES;
				ENABLE_TESTABILITY = YES;
				GCC_C_LANGUAGE_STANDARD = gnu11;
				GCC_DYNAMIC_NO_PIC = NO;
				GCC_NO_COMMON_BLOCKS = YES;
				GCC_OPTIMIZATION_LEVEL = 0;
				GCC_PREPROCESSOR_DEFINITIONS = (
					"DEBUG=1",
					"$(inherited)",
				);
				GCC_WARN_64_TO_32_BIT_CONVERSION = YES;
				GCC_WARN_ABOUT_RETURN_TYPE = YES_ERROR;
				GCC_WARN_UNDECLARED_SELECTOR = YES;
				GCC_WARN_UNINITIALIZED_AUTOS = YES_AGGRESSIVE;
				GCC_WARN_UNUSED_FUNCTION = YES;
				GCC_WARN_UNUSED_VARIABLE = YES;
				IPHONEOS_DEPLOYMENT_TARGET = 15.5;
				MTL_ENABLE_DEBUG_INFO = INCLUDE_SOURCE;
				MTL_FAST_MATH = YES;
				ONLY_ACTIVE_ARCH = YES;
				SDKROOT = iphoneos;
				SWIFT_ACTIVE_COMPILATION_CONDITIONS = DEBUG;
				SWIFT_OPTIMIZATION_LEVEL = "-Onone";
			};
			name = Debug;
		};
		9F0B80E92886F5C000E98849 /* Release */ = {
			isa = XCBuildConfiguration;
			buildSettings = {
				ALWAYS_SEARCH_USER_PATHS = NO;
				CLANG_ANALYZER_NONNULL = YES;
				CLANG_ANALYZER_NUMBER_OBJECT_CONVERSION = YES_AGGRESSIVE;
				CLANG_CXX_LANGUAGE_STANDARD = "gnu++17";
				CLANG_ENABLE_MODULES = YES;
				CLANG_ENABLE_OBJC_ARC = YES;
				CLANG_ENABLE_OBJC_WEAK = YES;
				CLANG_WARN_BLOCK_CAPTURE_AUTORELEASING = YES;
				CLANG_WARN_BOOL_CONVERSION = YES;
				CLANG_WARN_COMMA = YES;
				CLANG_WARN_CONSTANT_CONVERSION = YES;
				CLANG_WARN_DEPRECATED_OBJC_IMPLEMENTATIONS = YES;
				CLANG_WARN_DIRECT_OBJC_ISA_USAGE = YES_ERROR;
				CLANG_WARN_DOCUMENTATION_COMMENTS = YES;
				CLANG_WARN_EMPTY_BODY = YES;
				CLANG_WARN_ENUM_CONVERSION = YES;
				CLANG_WARN_INFINITE_RECURSION = YES;
				CLANG_WARN_INT_CONVERSION = YES;
				CLANG_WARN_NON_LITERAL_NULL_CONVERSION = YES;
				CLANG_WARN_OBJC_IMPLICIT_RETAIN_SELF = YES;
				CLANG_WARN_OBJC_LITERAL_CONVERSION = YES;
				CLANG_WARN_OBJC_ROOT_CLASS = YES_ERROR;
				CLANG_WARN_QUOTED_INCLUDE_IN_FRAMEWORK_HEADER = YES;
				CLANG_WARN_RANGE_LOOP_ANALYSIS = YES;
				CLANG_WARN_STRICT_PROTOTYPES = YES;
				CLANG_WARN_SUSPICIOUS_MOVE = YES;
				CLANG_WARN_UNGUARDED_AVAILABILITY = YES_AGGRESSIVE;
				CLANG_WARN_UNREACHABLE_CODE = YES;
				CLANG_WARN__DUPLICATE_METHOD_MATCH = YES;
				COPY_PHASE_STRIP = NO;
				DEBUG_INFORMATION_FORMAT = "dwarf-with-dsym";
				ENABLE_NS_ASSERTIONS = NO;
				ENABLE_STRICT_OBJC_MSGSEND = YES;
				GCC_C_LANGUAGE_STANDARD = gnu11;
				GCC_NO_COMMON_BLOCKS = YES;
				GCC_WARN_64_TO_32_BIT_CONVERSION = YES;
				GCC_WARN_ABOUT_RETURN_TYPE = YES_ERROR;
				GCC_WARN_UNDECLARED_SELECTOR = YES;
				GCC_WARN_UNINITIALIZED_AUTOS = YES_AGGRESSIVE;
				GCC_WARN_UNUSED_FUNCTION = YES;
				GCC_WARN_UNUSED_VARIABLE = YES;
				IPHONEOS_DEPLOYMENT_TARGET = 15.5;
				MTL_ENABLE_DEBUG_INFO = NO;
				MTL_FAST_MATH = YES;
				SDKROOT = iphoneos;
				SWIFT_COMPILATION_MODE = wholemodule;
				SWIFT_OPTIMIZATION_LEVEL = "-O";
				VALIDATE_PRODUCT = YES;
			};
			name = Release;
		};
		9F0B80EB2886F5C000E98849 /* Debug */ = {
			isa = XCBuildConfiguration;
			buildSettings = {
				ASSETCATALOG_COMPILER_APPICON_NAME = AppIcon;
				ASSETCATALOG_COMPILER_GLOBAL_ACCENT_COLOR_NAME = AccentColor;
				CODE_SIGN_IDENTITY = "Apple Development";
				CODE_SIGN_STYLE = Automatic;
				CURRENT_PROJECT_VERSION = 1;
				DEVELOPMENT_ASSET_PATHS = "\"Profsoft/Preview Content\"";
				DEVELOPMENT_TEAM = Y2T4JS3F8R;
				ENABLE_PREVIEWS = YES;
				GENERATE_INFOPLIST_FILE = YES;
				INFOPLIST_KEY_UIApplicationSceneManifest_Generation = YES;
				INFOPLIST_KEY_UIApplicationSupportsIndirectInputEvents = YES;
				INFOPLIST_KEY_UILaunchScreen_Generation = YES;
				INFOPLIST_KEY_UISupportedInterfaceOrientations = UIInterfaceOrientationPortrait;
				INFOPLIST_KEY_UISupportedInterfaceOrientations_iPad = "UIInterfaceOrientationPortrait UIInterfaceOrientationPortraitUpsideDown UIInterfaceOrientationLandscapeLeft UIInterfaceOrientationLandscapeRight";
				INFOPLIST_KEY_UISupportedInterfaceOrientations_iPhone = "UIInterfaceOrientationPortrait UIInterfaceOrientationLandscapeLeft UIInterfaceOrientationLandscapeRight";
				LD_RUNPATH_SEARCH_PATHS = (
					"$(inherited)",
					"@executable_path/Frameworks",
				);
				MARKETING_VERSION = 1.0;
				PRODUCT_BUNDLE_IDENTIFIER = ru.profsoft.Profsoft;
				PRODUCT_NAME = "$(TARGET_NAME)";
				PROVISIONING_PROFILE_SPECIFIER = "";
				SWIFT_EMIT_LOC_STRINGS = YES;
				SWIFT_VERSION = 5.0;
				TARGETED_DEVICE_FAMILY = 1;
			};
			name = Debug;
		};
		9F0B80EC2886F5C000E98849 /* Release */ = {
			isa = XCBuildConfiguration;
			buildSettings = {
				ASSETCATALOG_COMPILER_APPICON_NAME = AppIcon;
				ASSETCATALOG_COMPILER_GLOBAL_ACCENT_COLOR_NAME = AccentColor;
				CODE_SIGN_IDENTITY = "Apple Development";
				CODE_SIGN_STYLE = Automatic;
				CURRENT_PROJECT_VERSION = 1;
				DEVELOPMENT_ASSET_PATHS = "\"Profsoft/Preview Content\"";
				DEVELOPMENT_TEAM = Y2T4JS3F8R;
				ENABLE_PREVIEWS = YES;
				GENERATE_INFOPLIST_FILE = YES;
				INFOPLIST_KEY_UIApplicationSceneManifest_Generation = YES;
				INFOPLIST_KEY_UIApplicationSupportsIndirectInputEvents = YES;
				INFOPLIST_KEY_UILaunchScreen_Generation = YES;
				INFOPLIST_KEY_UISupportedInterfaceOrientations = UIInterfaceOrientationPortrait;
				INFOPLIST_KEY_UISupportedInterfaceOrientations_iPad = "UIInterfaceOrientationPortrait UIInterfaceOrientationPortraitUpsideDown UIInterfaceOrientationLandscapeLeft UIInterfaceOrientationLandscapeRight";
				INFOPLIST_KEY_UISupportedInterfaceOrientations_iPhone = "UIInterfaceOrientationPortrait UIInterfaceOrientationLandscapeLeft UIInterfaceOrientationLandscapeRight";
				LD_RUNPATH_SEARCH_PATHS = (
					"$(inherited)",
					"@executable_path/Frameworks",
				);
				MARKETING_VERSION = 1.0;
				PRODUCT_BUNDLE_IDENTIFIER = ru.profsoft.Profsoft;
				PRODUCT_NAME = "$(TARGET_NAME)";
				PROVISIONING_PROFILE_SPECIFIER = "";
				SWIFT_EMIT_LOC_STRINGS = YES;
				SWIFT_VERSION = 5.0;
				TARGETED_DEVICE_FAMILY = 1;
			};
			name = Release;
		};
/* End XCBuildConfiguration section */

/* Begin XCConfigurationList section */
		9F0B80D72886F5BE00E98849 /* Build configuration list for PBXProject "Profsoft" */ = {
			isa = XCConfigurationList;
			buildConfigurations = (
				9F0B80E82886F5C000E98849 /* Debug */,
				9F0B80E92886F5C000E98849 /* Release */,
			);
			defaultConfigurationIsVisible = 0;
			defaultConfigurationName = Release;
		};
		9F0B80EA2886F5C000E98849 /* Build configuration list for PBXNativeTarget "Profsoft" */ = {
			isa = XCConfigurationList;
			buildConfigurations = (
				9F0B80EB2886F5C000E98849 /* Debug */,
				9F0B80EC2886F5C000E98849 /* Release */,
			);
			defaultConfigurationIsVisible = 0;
			defaultConfigurationName = Release;
		};
/* End XCConfigurationList section */
	};
	rootObject = 9F0B80D42886F5BE00E98849 /* Project object */;
}
